
Microsoft Visual Studio Solution File, Format Version 12.00
# Visual Studio Version 17
VisualStudioVersion = 17.8.34525.116
MinimumVisualStudioVersion = 10.0.40219.1
Project("{FAE04EC0-301F-11D3-BF4B-00C04F79EFBC}") = "DatingApp", "DatingApp\DatingApp.csproj", "{969695D5-B1A4-493D-870F-2E4E6E63046A}"
EndProject
Project("{FAE04EC0-301F-11D3-BF4B-00C04F79EFBC}") = "API", "API\API.csproj", "{626DD9F9-42FA-4796-834C-415E2936600A}"
EndProject
Global
	GlobalSection(SolutionConfigurationPlatforms) = preSolution
		Debug|Any CPU = Debug|Any CPU
		Release|Any CPU = Release|Any CPU
	EndGlobalSection
	GlobalSection(ProjectConfigurationPlatforms) = postSolution
		{969695D5-B1A4-493D-870F-2E4E6E63046A}.Debug|Any CPU.ActiveCfg = Debug|Any CPU
		{969695D5-B1A4-493D-870F-2E4E6E63046A}.Debug|Any CPU.Build.0 = Debug|Any CPU
		{969695D5-B1A4-493D-870F-2E4E6E63046A}.Release|Any CPU.ActiveCfg = Release|Any CPU
		{969695D5-B1A4-493D-870F-2E4E6E63046A}.Release|Any CPU.Build.0 = Release|Any CPU
		{626DD9F9-42FA-4796-834C-415E2936600A}.Debug|Any CPU.ActiveCfg = Debug|Any CPU
		{626DD9F9-42FA-4796-834C-415E2936600A}.Debug|Any CPU.Build.0 = Debug|Any CPU
		{626DD9F9-42FA-4796-834C-415E2936600A}.Release|Any CPU.ActiveCfg = Release|Any CPU
		{626DD9F9-42FA-4796-834C-415E2936600A}.Release|Any CPU.Build.0 = Release|Any CPU
	EndGlobalSection
	GlobalSection(SolutionProperties) = preSolution
		HideSolutionNode = FALSE
	EndGlobalSection
	GlobalSection(ExtensibilityGlobals) = postSolution
		SolutionGuid = {A67DCEBD-8040-4F68-9193-A05F218CB39D}
	EndGlobalSection
EndGlobal
